
Microsoft Visual Studio Solution File, Format Version 12.00
# Visual Studio Version 17
VisualStudioVersion = 17.13.35931.197
MinimumVisualStudioVersion = 10.0.40219.1
Project("{FAE04EC0-301F-11D3-BF4B-00C04F79EFBC}") = "SmartGarden.API", "SmartGarden.API\SmartGarden.API.csproj", "{367A87BF-0E6F-4660-B034-DF8DAF53981F}"
EndProject
Project("{FAE04EC0-301F-11D3-BF4B-00C04F79EFBC}") = "SmartGarden.EntityFramework", "SmartGarden.EntityFramework\SmartGarden.EntityFramework.csproj", "{24CCB730-2ADB-4AD0-A149-82178D5F4843}"
EndProject
Project("{E53339B2-1760-4266-BCC7-CA923CBCF16C}") = "docker-compose", "..\docker\docker-compose.dcproj", "{81DDED9D-158B-E303-5F62-77A2896D2A5A}"
EndProject
Project("{FAE04EC0-301F-11D3-BF4B-00C04F79EFBC}") = "SmartGarden.Actuators", "SmartGarden.Actuators\SmartGarden.Actuators.csproj", "{FBF74119-CA2A-42B3-89BD-D05A1AAAD722}"
EndProject
Project("{FAE04EC0-301F-11D3-BF4B-00C04F79EFBC}") = "SmartGarden.Core", "SmartGarden.Core\SmartGarden.Core.csproj", "{006FBFEF-BBC1-4A2C-B1DE-FC5CC8405219}"
EndProject
Project("{FAE04EC0-301F-11D3-BF4B-00C04F79EFBC}") = "SmartGarden.Sensors", "SmartGarden.Sensors\SmartGarden.Sensors.csproj", "{FD082041-FF5C-4288-9411-60A5E3C6BF86}"
EndProject
Project("{FAE04EC0-301F-11D3-BF4B-00C04F79EFBC}") = "SmartGarden.Mqtt", "SmartGarden.Mqtt\SmartGarden.Mqtt.csproj", "{2E9B53C3-8866-4FA3-B66C-1770DD6123E8}"
EndProject
Global
	GlobalSection(SolutionConfigurationPlatforms) = preSolution
		Debug|Any CPU = Debug|Any CPU
		Release|Any CPU = Release|Any CPU
	EndGlobalSection
	GlobalSection(ProjectConfigurationPlatforms) = postSolution
		{367A87BF-0E6F-4660-B034-DF8DAF53981F}.Debug|Any CPU.ActiveCfg = Debug|Any CPU
		{367A87BF-0E6F-4660-B034-DF8DAF53981F}.Debug|Any CPU.Build.0 = Debug|Any CPU
		{367A87BF-0E6F-4660-B034-DF8DAF53981F}.Release|Any CPU.ActiveCfg = Release|Any CPU
		{367A87BF-0E6F-4660-B034-DF8DAF53981F}.Release|Any CPU.Build.0 = Release|Any CPU
		{24CCB730-2ADB-4AD0-A149-82178D5F4843}.Debug|Any CPU.ActiveCfg = Debug|Any CPU
		{24CCB730-2ADB-4AD0-A149-82178D5F4843}.Debug|Any CPU.Build.0 = Debug|Any CPU
		{24CCB730-2ADB-4AD0-A149-82178D5F4843}.Release|Any CPU.ActiveCfg = Release|Any CPU
		{24CCB730-2ADB-4AD0-A149-82178D5F4843}.Release|Any CPU.Build.0 = Release|Any CPU
		{81DDED9D-158B-E303-5F62-77A2896D2A5A}.Debug|Any CPU.ActiveCfg = Debug|Any CPU
		{81DDED9D-158B-E303-5F62-77A2896D2A5A}.Debug|Any CPU.Build.0 = Debug|Any CPU
		{81DDED9D-158B-E303-5F62-77A2896D2A5A}.Release|Any CPU.ActiveCfg = Release|Any CPU
		{81DDED9D-158B-E303-5F62-77A2896D2A5A}.Release|Any CPU.Build.0 = Release|Any CPU
		{FBF74119-CA2A-42B3-89BD-D05A1AAAD722}.Debug|Any CPU.ActiveCfg = Debug|Any CPU
		{FBF74119-CA2A-42B3-89BD-D05A1AAAD722}.Debug|Any CPU.Build.0 = Debug|Any CPU
		{FBF74119-CA2A-42B3-89BD-D05A1AAAD722}.Release|Any CPU.ActiveCfg = Release|Any CPU
		{FBF74119-CA2A-42B3-89BD-D05A1AAAD722}.Release|Any CPU.Build.0 = Release|Any CPU
		{006FBFEF-BBC1-4A2C-B1DE-FC5CC8405219}.Debug|Any CPU.ActiveCfg = Debug|Any CPU
		{006FBFEF-BBC1-4A2C-B1DE-FC5CC8405219}.Debug|Any CPU.Build.0 = Debug|Any CPU
		{006FBFEF-BBC1-4A2C-B1DE-FC5CC8405219}.Release|Any CPU.ActiveCfg = Release|Any CPU
		{006FBFEF-BBC1-4A2C-B1DE-FC5CC8405219}.Release|Any CPU.Build.0 = Release|Any CPU
		{FD082041-FF5C-4288-9411-60A5E3C6BF86}.Debug|Any CPU.ActiveCfg = Debug|Any CPU
		{FD082041-FF5C-4288-9411-60A5E3C6BF86}.Debug|Any CPU.Build.0 = Debug|Any CPU
		{FD082041-FF5C-4288-9411-60A5E3C6BF86}.Release|Any CPU.ActiveCfg = Release|Any CPU
		{FD082041-FF5C-4288-9411-60A5E3C6BF86}.Release|Any CPU.Build.0 = Release|Any CPU
		{2E9B53C3-8866-4FA3-B66C-1770DD6123E8}.Debug|Any CPU.ActiveCfg = Debug|Any CPU
		{2E9B53C3-8866-4FA3-B66C-1770DD6123E8}.Debug|Any CPU.Build.0 = Debug|Any CPU
		{2E9B53C3-8866-4FA3-B66C-1770DD6123E8}.Release|Any CPU.ActiveCfg = Release|Any CPU
		{2E9B53C3-8866-4FA3-B66C-1770DD6123E8}.Release|Any CPU.Build.0 = Release|Any CPU
	EndGlobalSection
	GlobalSection(SolutionProperties) = preSolution
		HideSolutionNode = FALSE
	EndGlobalSection
	GlobalSection(ExtensibilityGlobals) = postSolution
		SolutionGuid = {E08F91EB-3EE9-4F99-BB83-C04E638752B7}
	EndGlobalSection
EndGlobal
