
Microsoft Visual Studio Solution File, Format Version 12.00
# Visual Studio Version 17
VisualStudioVersion = 17.13.35931.197
MinimumVisualStudioVersion = 10.0.40219.1
Project("{FAE04EC0-301F-11D3-BF4B-00C04F79EFBC}") = "SmartGarden.Api.Beds", "SmartGarden.Api.Beds\SmartGarden.Api.Beds.csproj", "{367A87BF-0E6F-4660-B034-DF8DAF53981F}"
EndProject
Project("{FAE04EC0-301F-11D3-BF4B-00C04F79EFBC}") = "SmartGarden.EntityFramework.Beds", "SmartGarden.EntityFramework.Beds\SmartGarden.EntityFramework.Beds.csproj", "{24CCB730-2ADB-4AD0-A149-82178D5F4843}"
EndProject
Project("{E53339B2-1760-4266-BCC7-CA923CBCF16C}") = "docker-compose", "..\docker\docker-compose.dcproj", "{81DDED9D-158B-E303-5F62-77A2896D2A5A}"
EndProject
Project("{FAE04EC0-301F-11D3-BF4B-00C04F79EFBC}") = "SmartGarden.Modules", "SmartGarden.Modules\SmartGarden.Modules.csproj", "{006FBFEF-BBC1-4A2C-B1DE-FC5CC8405219}"
EndProject
Project("{FAE04EC0-301F-11D3-BF4B-00C04F79EFBC}") = "SmartGarden.Mqtt", "SmartGarden.Mqtt\SmartGarden.Mqtt.csproj", "{2E9B53C3-8866-4FA3-B66C-1770DD6123E8}"
EndProject
Project("{2150E333-8FDC-42A3-9474-1A3956D46DE8}") = "Modules", "Modules", "{02EA681E-C7D8-13C7-8484-4AC65E1B71E8}"
EndProject
Project("{FAE04EC0-301F-11D3-BF4B-00C04F79EFBC}") = "SmartGarden.Host", "SmartGarden.Host\SmartGarden.Host.csproj", "{B80BAF3E-A952-4019-892E-881A0B071438}"
EndProject
Project("{FAE04EC0-301F-11D3-BF4B-00C04F79EFBC}") = "SmartGarden.Messaging", "SmartGarden.Messaging\SmartGarden.Messaging.csproj", "{D7E9EDF8-DDCB-46FB-BB5B-D5EBDC8CAFC9}"
EndProject
Project("{FAE04EC0-301F-11D3-BF4B-00C04F79EFBC}") = "SmartGarden.Messaging.Messages", "SmartGarden.Messaging.Messages\SmartGarden.Messaging.Messages.csproj", "{27B972F1-3101-4D9B-9671-73096BCBFA85}"
EndProject
Project("{2150E333-8FDC-42A3-9474-1A3956D46DE8}") = "ConnectorService", "ConnectorService", "{99207866-0876-4AF9-88CA-2F81CFF81CF4}"
EndProject
Project("{FAE04EC0-301F-11D3-BF4B-00C04F79EFBC}") = "SmartGarden.ConnectorService", "SmartGarden.ConnectorService\SmartGarden.ConnectorService.csproj", "{465E692B-768A-438E-B4AE-497FAC2B5933}"
EndProject
Project("{FAE04EC0-301F-11D3-BF4B-00C04F79EFBC}") = "SmartGarden.Modules.Service", "SmartGarden.Modules.Service\SmartGarden.Modules.Service.csproj", "{6C3CD622-57D1-4B64-8955-95485AF9FB97}"
EndProject
Project("{FAE04EC0-301F-11D3-BF4B-00C04F79EFBC}") = "SmartGarden.Modules.Api", "SmartGarden.Modules.Api\SmartGarden.Modules.Api.csproj", "{5ACD40AF-64E2-4966-A9FB-88222896E872}"
EndProject
Project("{FAE04EC0-301F-11D3-BF4B-00C04F79EFBC}") = "SmartGarden.ConnectorService.EntityFramework", "SmartGarden.ConnectorService.EntityFramework\SmartGarden.ConnectorService.EntityFramework.csproj", "{0B191FAB-6761-4F4C-9186-31DAE474FACC}"
EndProject
Project("{FAE04EC0-301F-11D3-BF4B-00C04F79EFBC}") = "SmartGarden.EntityFramework.Core", "SmartGarden.EntityFramework.Core\SmartGarden.EntityFramework.Core.csproj", "{E81C754A-546D-43C9-8249-BB7CB724CE72}"
EndProject
Project("{FAE04EC0-301F-11D3-BF4B-00C04F79EFBC}") = "SmartGarden.Legacy", "SmartGarden.Legacy\SmartGarden.Legacy.csproj", "{4DE50DE6-0A23-4769-A95E-E3BF07D940BB}"
EndProject
Project("{2150E333-8FDC-42A3-9474-1A3956D46DE8}") = "AutomationService", "AutomationService", "{9A9561FF-5D49-4F40-8920-CA2D0256358E}"
EndProject
Project("{FAE04EC0-301F-11D3-BF4B-00C04F79EFBC}") = "SmartGarden.AutomationService", "SmartGarden.AutomationService\SmartGarden.AutomationService.csproj", "{5DBC7315-3EA8-488B-8678-BFA3E0608DBB}"
EndProject
Project("{FAE04EC0-301F-11D3-BF4B-00C04F79EFBC}") = "SmartGarden.AutomationService.EntityFramework", "SmartGarden.AutomationService.EntityFramework\SmartGarden.AutomationService.EntityFramework.csproj", "{21BB8422-B4E9-4F21-AD00-9DA47B590E0C}"
EndProject
Project("{FAE04EC0-301F-11D3-BF4B-00C04F79EFBC}") = "SmartGarden.Scheduling", "SmartGarden.Scheduling\SmartGarden.Scheduling.csproj", "{5D4DBBAE-3639-4EAB-B89C-3AF16E3E875F}"
EndProject
Project("{FAE04EC0-301F-11D3-BF4B-00C04F79EFBC}") = "SmartGarden.EntityFramework.Distributed", "SmartGarden.EntityFramework.Distributed\SmartGarden.EntityFramework.Distributed.csproj", "{8BAE5F5D-1D59-4EA9-805C-BB033AA3460B}"
EndProject
Project("{2150E333-8FDC-42A3-9474-1A3956D46DE8}") = "Api.Beds", "Api.Beds", "{0B3A2C79-327A-4D3B-B58F-6021FB2F8B05}"
EndProject
Project("{2150E333-8FDC-42A3-9474-1A3956D46DE8}") = "Api.Plants", "Api.Plants", "{84A24F47-C36D-4B97-8D90-9B6792C9CF4B}"
EndProject
Project("{FAE04EC0-301F-11D3-BF4B-00C04F79EFBC}") = "SmartGarden.Api.Plants", "SmartGarden.Api.Plants\SmartGarden.Api.Plants.csproj", "{8867CEC8-B969-4486-8AE7-0A69738A5CA9}"
EndProject
Project("{FAE04EC0-301F-11D3-BF4B-00C04F79EFBC}") = "SmartGarden.EntityFramework.Plants", "SmartGarden.EntityFramework.Plants\SmartGarden.EntityFramework.Plants.csproj", "{8111C401-DA89-42E2-BF04-F0E104127D02}"
EndProject
Project("{FAE04EC0-301F-11D3-BF4B-00C04F79EFBC}") = "SmartGarden.Api.Core", "SmartGarden.Api.Core\SmartGarden.Api.Core.csproj", "{623C7451-B778-4633-A1CB-54B8D28CF4C9}"
EndProject
Project("{2150E333-8FDC-42A3-9474-1A3956D46DE8}") = "Api.Auth", "Api.Auth", "{0EA5F0E8-4E0B-4FD9-8B0B-4C781AF08461}"
EndProject
Project("{FAE04EC0-301F-11D3-BF4B-00C04F79EFBC}") = "SmartGarden.AuthService", "SmartGarden.AuthService\SmartGarden.AuthService.csproj", "{EAF96841-1AAF-41B1-8EF0-A8DC7CCE920C}"
EndProject
Project("{FAE04EC0-301F-11D3-BF4B-00C04F79EFBC}") = "SmartGarden.GrpcServiceClient", "SmartGarden.GrpcServiceClient\SmartGarden.GrpcServiceClient.csproj", "{92A04E7B-E063-4549-B4BD-BEA5E5A16561}"
EndProject
Project("{FAE04EC0-301F-11D3-BF4B-00C04F79EFBC}") = "SmartGarden.Gateway", "SmartGarden.Gateway\SmartGarden.Gateway.csproj", "{5DECC35F-1535-6199-2B1C-C0CA0203ADF3}"
EndProject
Project("{FAE04EC0-301F-11D3-BF4B-00C04F79EFBC}") = "SmartGarden.EntityFramework.Auth", "SmartGarden.EntityFramework.Auth\SmartGarden.EntityFramework.Auth.csproj", "{13ADF37B-485A-4A57-96C3-5FC165239C6E}"
EndProject
Global
	GlobalSection(SolutionConfigurationPlatforms) = preSolution
		Debug|Any CPU = Debug|Any CPU
		Release|Any CPU = Release|Any CPU
	EndGlobalSection
	GlobalSection(ProjectConfigurationPlatforms) = postSolution
		{367A87BF-0E6F-4660-B034-DF8DAF53981F}.Debug|Any CPU.ActiveCfg = Debug|Any CPU
		{367A87BF-0E6F-4660-B034-DF8DAF53981F}.Debug|Any CPU.Build.0 = Debug|Any CPU
		{367A87BF-0E6F-4660-B034-DF8DAF53981F}.Release|Any CPU.ActiveCfg = Release|Any CPU
		{367A87BF-0E6F-4660-B034-DF8DAF53981F}.Release|Any CPU.Build.0 = Release|Any CPU
		{24CCB730-2ADB-4AD0-A149-82178D5F4843}.Debug|Any CPU.ActiveCfg = Debug|Any CPU
		{24CCB730-2ADB-4AD0-A149-82178D5F4843}.Debug|Any CPU.Build.0 = Debug|Any CPU
		{24CCB730-2ADB-4AD0-A149-82178D5F4843}.Release|Any CPU.ActiveCfg = Release|Any CPU
		{24CCB730-2ADB-4AD0-A149-82178D5F4843}.Release|Any CPU.Build.0 = Release|Any CPU
		{81DDED9D-158B-E303-5F62-77A2896D2A5A}.Debug|Any CPU.ActiveCfg = Debug|Any CPU
		{81DDED9D-158B-E303-5F62-77A2896D2A5A}.Debug|Any CPU.Build.0 = Debug|Any CPU
		{81DDED9D-158B-E303-5F62-77A2896D2A5A}.Release|Any CPU.ActiveCfg = Release|Any CPU
		{81DDED9D-158B-E303-5F62-77A2896D2A5A}.Release|Any CPU.Build.0 = Release|Any CPU
		{006FBFEF-BBC1-4A2C-B1DE-FC5CC8405219}.Debug|Any CPU.ActiveCfg = Debug|Any CPU
		{006FBFEF-BBC1-4A2C-B1DE-FC5CC8405219}.Debug|Any CPU.Build.0 = Debug|Any CPU
		{006FBFEF-BBC1-4A2C-B1DE-FC5CC8405219}.Release|Any CPU.ActiveCfg = Release|Any CPU
		{006FBFEF-BBC1-4A2C-B1DE-FC5CC8405219}.Release|Any CPU.Build.0 = Release|Any CPU
		{2E9B53C3-8866-4FA3-B66C-1770DD6123E8}.Debug|Any CPU.ActiveCfg = Debug|Any CPU
		{2E9B53C3-8866-4FA3-B66C-1770DD6123E8}.Debug|Any CPU.Build.0 = Debug|Any CPU
		{2E9B53C3-8866-4FA3-B66C-1770DD6123E8}.Release|Any CPU.ActiveCfg = Release|Any CPU
		{2E9B53C3-8866-4FA3-B66C-1770DD6123E8}.Release|Any CPU.Build.0 = Release|Any CPU
		{B80BAF3E-A952-4019-892E-881A0B071438}.Debug|Any CPU.ActiveCfg = Debug|Any CPU
		{B80BAF3E-A952-4019-892E-881A0B071438}.Debug|Any CPU.Build.0 = Debug|Any CPU
		{B80BAF3E-A952-4019-892E-881A0B071438}.Release|Any CPU.ActiveCfg = Release|Any CPU
		{B80BAF3E-A952-4019-892E-881A0B071438}.Release|Any CPU.Build.0 = Release|Any CPU
		{D7E9EDF8-DDCB-46FB-BB5B-D5EBDC8CAFC9}.Debug|Any CPU.ActiveCfg = Debug|Any CPU
		{D7E9EDF8-DDCB-46FB-BB5B-D5EBDC8CAFC9}.Debug|Any CPU.Build.0 = Debug|Any CPU
		{D7E9EDF8-DDCB-46FB-BB5B-D5EBDC8CAFC9}.Release|Any CPU.ActiveCfg = Release|Any CPU
		{D7E9EDF8-DDCB-46FB-BB5B-D5EBDC8CAFC9}.Release|Any CPU.Build.0 = Release|Any CPU
		{27B972F1-3101-4D9B-9671-73096BCBFA85}.Debug|Any CPU.ActiveCfg = Debug|Any CPU
		{27B972F1-3101-4D9B-9671-73096BCBFA85}.Debug|Any CPU.Build.0 = Debug|Any CPU
		{27B972F1-3101-4D9B-9671-73096BCBFA85}.Release|Any CPU.ActiveCfg = Release|Any CPU
		{27B972F1-3101-4D9B-9671-73096BCBFA85}.Release|Any CPU.Build.0 = Release|Any CPU
		{465E692B-768A-438E-B4AE-497FAC2B5933}.Debug|Any CPU.ActiveCfg = Debug|Any CPU
		{465E692B-768A-438E-B4AE-497FAC2B5933}.Debug|Any CPU.Build.0 = Debug|Any CPU
		{465E692B-768A-438E-B4AE-497FAC2B5933}.Release|Any CPU.ActiveCfg = Release|Any CPU
		{465E692B-768A-438E-B4AE-497FAC2B5933}.Release|Any CPU.Build.0 = Release|Any CPU
		{6C3CD622-57D1-4B64-8955-95485AF9FB97}.Debug|Any CPU.ActiveCfg = Debug|Any CPU
		{6C3CD622-57D1-4B64-8955-95485AF9FB97}.Debug|Any CPU.Build.0 = Debug|Any CPU
		{6C3CD622-57D1-4B64-8955-95485AF9FB97}.Release|Any CPU.ActiveCfg = Release|Any CPU
		{6C3CD622-57D1-4B64-8955-95485AF9FB97}.Release|Any CPU.Build.0 = Release|Any CPU
		{5ACD40AF-64E2-4966-A9FB-88222896E872}.Debug|Any CPU.ActiveCfg = Debug|Any CPU
		{5ACD40AF-64E2-4966-A9FB-88222896E872}.Debug|Any CPU.Build.0 = Debug|Any CPU
		{5ACD40AF-64E2-4966-A9FB-88222896E872}.Release|Any CPU.ActiveCfg = Release|Any CPU
		{5ACD40AF-64E2-4966-A9FB-88222896E872}.Release|Any CPU.Build.0 = Release|Any CPU
		{0B191FAB-6761-4F4C-9186-31DAE474FACC}.Debug|Any CPU.ActiveCfg = Debug|Any CPU
		{0B191FAB-6761-4F4C-9186-31DAE474FACC}.Debug|Any CPU.Build.0 = Debug|Any CPU
		{0B191FAB-6761-4F4C-9186-31DAE474FACC}.Release|Any CPU.ActiveCfg = Release|Any CPU
		{0B191FAB-6761-4F4C-9186-31DAE474FACC}.Release|Any CPU.Build.0 = Release|Any CPU
		{E81C754A-546D-43C9-8249-BB7CB724CE72}.Debug|Any CPU.ActiveCfg = Debug|Any CPU
		{E81C754A-546D-43C9-8249-BB7CB724CE72}.Debug|Any CPU.Build.0 = Debug|Any CPU
		{E81C754A-546D-43C9-8249-BB7CB724CE72}.Release|Any CPU.ActiveCfg = Release|Any CPU
		{E81C754A-546D-43C9-8249-BB7CB724CE72}.Release|Any CPU.Build.0 = Release|Any CPU
		{4DE50DE6-0A23-4769-A95E-E3BF07D940BB}.Debug|Any CPU.ActiveCfg = Debug|Any CPU
		{4DE50DE6-0A23-4769-A95E-E3BF07D940BB}.Debug|Any CPU.Build.0 = Debug|Any CPU
		{4DE50DE6-0A23-4769-A95E-E3BF07D940BB}.Release|Any CPU.ActiveCfg = Release|Any CPU
		{4DE50DE6-0A23-4769-A95E-E3BF07D940BB}.Release|Any CPU.Build.0 = Release|Any CPU
		{5DBC7315-3EA8-488B-8678-BFA3E0608DBB}.Debug|Any CPU.ActiveCfg = Debug|Any CPU
		{5DBC7315-3EA8-488B-8678-BFA3E0608DBB}.Debug|Any CPU.Build.0 = Debug|Any CPU
		{5DBC7315-3EA8-488B-8678-BFA3E0608DBB}.Release|Any CPU.ActiveCfg = Release|Any CPU
		{5DBC7315-3EA8-488B-8678-BFA3E0608DBB}.Release|Any CPU.Build.0 = Release|Any CPU
		{21BB8422-B4E9-4F21-AD00-9DA47B590E0C}.Debug|Any CPU.ActiveCfg = Debug|Any CPU
		{21BB8422-B4E9-4F21-AD00-9DA47B590E0C}.Debug|Any CPU.Build.0 = Debug|Any CPU
		{21BB8422-B4E9-4F21-AD00-9DA47B590E0C}.Release|Any CPU.ActiveCfg = Release|Any CPU
		{21BB8422-B4E9-4F21-AD00-9DA47B590E0C}.Release|Any CPU.Build.0 = Release|Any CPU
		{5D4DBBAE-3639-4EAB-B89C-3AF16E3E875F}.Debug|Any CPU.ActiveCfg = Debug|Any CPU
		{5D4DBBAE-3639-4EAB-B89C-3AF16E3E875F}.Debug|Any CPU.Build.0 = Debug|Any CPU
		{5D4DBBAE-3639-4EAB-B89C-3AF16E3E875F}.Release|Any CPU.ActiveCfg = Release|Any CPU
		{5D4DBBAE-3639-4EAB-B89C-3AF16E3E875F}.Release|Any CPU.Build.0 = Release|Any CPU
		{8BAE5F5D-1D59-4EA9-805C-BB033AA3460B}.Debug|Any CPU.ActiveCfg = Debug|Any CPU
		{8BAE5F5D-1D59-4EA9-805C-BB033AA3460B}.Debug|Any CPU.Build.0 = Debug|Any CPU
		{8BAE5F5D-1D59-4EA9-805C-BB033AA3460B}.Release|Any CPU.ActiveCfg = Release|Any CPU
		{8BAE5F5D-1D59-4EA9-805C-BB033AA3460B}.Release|Any CPU.Build.0 = Release|Any CPU
		{8867CEC8-B969-4486-8AE7-0A69738A5CA9}.Debug|Any CPU.ActiveCfg = Debug|Any CPU
		{8867CEC8-B969-4486-8AE7-0A69738A5CA9}.Debug|Any CPU.Build.0 = Debug|Any CPU
		{8867CEC8-B969-4486-8AE7-0A69738A5CA9}.Release|Any CPU.ActiveCfg = Release|Any CPU
		{8867CEC8-B969-4486-8AE7-0A69738A5CA9}.Release|Any CPU.Build.0 = Release|Any CPU
		{8111C401-DA89-42E2-BF04-F0E104127D02}.Debug|Any CPU.ActiveCfg = Debug|Any CPU
		{8111C401-DA89-42E2-BF04-F0E104127D02}.Debug|Any CPU.Build.0 = Debug|Any CPU
		{8111C401-DA89-42E2-BF04-F0E104127D02}.Release|Any CPU.ActiveCfg = Release|Any CPU
		{8111C401-DA89-42E2-BF04-F0E104127D02}.Release|Any CPU.Build.0 = Release|Any CPU
		{623C7451-B778-4633-A1CB-54B8D28CF4C9}.Debug|Any CPU.ActiveCfg = Debug|Any CPU
		{623C7451-B778-4633-A1CB-54B8D28CF4C9}.Debug|Any CPU.Build.0 = Debug|Any CPU
		{623C7451-B778-4633-A1CB-54B8D28CF4C9}.Release|Any CPU.ActiveCfg = Release|Any CPU
		{623C7451-B778-4633-A1CB-54B8D28CF4C9}.Release|Any CPU.Build.0 = Release|Any CPU
		{EAF96841-1AAF-41B1-8EF0-A8DC7CCE920C}.Debug|Any CPU.ActiveCfg = Debug|Any CPU
		{EAF96841-1AAF-41B1-8EF0-A8DC7CCE920C}.Debug|Any CPU.Build.0 = Debug|Any CPU
		{EAF96841-1AAF-41B1-8EF0-A8DC7CCE920C}.Release|Any CPU.ActiveCfg = Release|Any CPU
		{EAF96841-1AAF-41B1-8EF0-A8DC7CCE920C}.Release|Any CPU.Build.0 = Release|Any CPU
		{92A04E7B-E063-4549-B4BD-BEA5E5A16561}.Debug|Any CPU.ActiveCfg = Debug|Any CPU
		{92A04E7B-E063-4549-B4BD-BEA5E5A16561}.Debug|Any CPU.Build.0 = Debug|Any CPU
		{92A04E7B-E063-4549-B4BD-BEA5E5A16561}.Release|Any CPU.ActiveCfg = Release|Any CPU
		{92A04E7B-E063-4549-B4BD-BEA5E5A16561}.Release|Any CPU.Build.0 = Release|Any CPU
		{5DECC35F-1535-6199-2B1C-C0CA0203ADF3}.Debug|Any CPU.ActiveCfg = Debug|Any CPU
		{5DECC35F-1535-6199-2B1C-C0CA0203ADF3}.Debug|Any CPU.Build.0 = Debug|Any CPU
		{5DECC35F-1535-6199-2B1C-C0CA0203ADF3}.Release|Any CPU.ActiveCfg = Release|Any CPU
		{5DECC35F-1535-6199-2B1C-C0CA0203ADF3}.Release|Any CPU.Build.0 = Release|Any CPU
		{13ADF37B-485A-4A57-96C3-5FC165239C6E}.Debug|Any CPU.ActiveCfg = Debug|Any CPU
		{13ADF37B-485A-4A57-96C3-5FC165239C6E}.Debug|Any CPU.Build.0 = Debug|Any CPU
		{13ADF37B-485A-4A57-96C3-5FC165239C6E}.Release|Any CPU.ActiveCfg = Release|Any CPU
		{13ADF37B-485A-4A57-96C3-5FC165239C6E}.Release|Any CPU.Build.0 = Release|Any CPU
	EndGlobalSection
	GlobalSection(SolutionProperties) = preSolution
		HideSolutionNode = FALSE
	EndGlobalSection
	GlobalSection(NestedProjects) = preSolution
		{367A87BF-0E6F-4660-B034-DF8DAF53981F} = {0B3A2C79-327A-4D3B-B58F-6021FB2F8B05}
		{24CCB730-2ADB-4AD0-A149-82178D5F4843} = {0B3A2C79-327A-4D3B-B58F-6021FB2F8B05}
		{006FBFEF-BBC1-4A2C-B1DE-FC5CC8405219} = {02EA681E-C7D8-13C7-8484-4AC65E1B71E8}
		{465E692B-768A-438E-B4AE-497FAC2B5933} = {99207866-0876-4AF9-88CA-2F81CFF81CF4}
		{6C3CD622-57D1-4B64-8955-95485AF9FB97} = {02EA681E-C7D8-13C7-8484-4AC65E1B71E8}
		{5ACD40AF-64E2-4966-A9FB-88222896E872} = {02EA681E-C7D8-13C7-8484-4AC65E1B71E8}
		{0B191FAB-6761-4F4C-9186-31DAE474FACC} = {99207866-0876-4AF9-88CA-2F81CFF81CF4}
		{5DBC7315-3EA8-488B-8678-BFA3E0608DBB} = {9A9561FF-5D49-4F40-8920-CA2D0256358E}
		{21BB8422-B4E9-4F21-AD00-9DA47B590E0C} = {9A9561FF-5D49-4F40-8920-CA2D0256358E}
		{8867CEC8-B969-4486-8AE7-0A69738A5CA9} = {84A24F47-C36D-4B97-8D90-9B6792C9CF4B}
		{8111C401-DA89-42E2-BF04-F0E104127D02} = {84A24F47-C36D-4B97-8D90-9B6792C9CF4B}
		{EAF96841-1AAF-41B1-8EF0-A8DC7CCE920C} = {0EA5F0E8-4E0B-4FD9-8B0B-4C781AF08461}
		{92A04E7B-E063-4549-B4BD-BEA5E5A16561} = {0EA5F0E8-4E0B-4FD9-8B0B-4C781AF08461}
		{13ADF37B-485A-4A57-96C3-5FC165239C6E} = {0EA5F0E8-4E0B-4FD9-8B0B-4C781AF08461}
	EndGlobalSection
	GlobalSection(ExtensibilityGlobals) = postSolution
		SolutionGuid = {E08F91EB-3EE9-4F99-BB83-C04E638752B7}
	EndGlobalSection
EndGlobal
